
Microsoft Visual Studio Solution File, Format Version 12.00
# Visual Studio Version 17
VisualStudioVersion = 17.12.35707.178 d17.12
MinimumVisualStudioVersion = 10.0.40219.1
Project("{FAE04EC0-301F-11D3-BF4B-00C04F79EFBC}") = "Delegate_HW", "Delegate_HW.csproj", "{90D03F6B-076A-4D1A-AC6D-B5ACD10B4BB1}"
EndProject
Project("{FAE04EC0-301F-11D3-BF4B-00C04F79EFBC}") = "Delegate_HW2", "..\Delegate_HW2\Delegate_HW2.csproj", "{4CE4E9F2-1127-45EA-9537-9B35A9F6E03B}"
EndProject
Project("{FAE04EC0-301F-11D3-BF4B-00C04F79EFBC}") = "Delegate_HW3", "..\Delegate_HW3\Delegate_HW3.csproj", "{F3EFE4A5-2F46-486E-8054-BB2FE05753CD}"
EndProject
Global
	GlobalSection(SolutionConfigurationPlatforms) = preSolution
		Debug|Any CPU = Debug|Any CPU
		Release|Any CPU = Release|Any CPU
	EndGlobalSection
	GlobalSection(ProjectConfigurationPlatforms) = postSolution
		{90D03F6B-076A-4D1A-AC6D-B5ACD10B4BB1}.Debug|Any CPU.ActiveCfg = Debug|Any CPU
		{90D03F6B-076A-4D1A-AC6D-B5ACD10B4BB1}.Debug|Any CPU.Build.0 = Debug|Any CPU
		{90D03F6B-076A-4D1A-AC6D-B5ACD10B4BB1}.Release|Any CPU.ActiveCfg = Release|Any CPU
		{90D03F6B-076A-4D1A-AC6D-B5ACD10B4BB1}.Release|Any CPU.Build.0 = Release|Any CPU
		{4CE4E9F2-1127-45EA-9537-9B35A9F6E03B}.Debug|Any CPU.ActiveCfg = Debug|Any CPU
		{4CE4E9F2-1127-45EA-9537-9B35A9F6E03B}.Debug|Any CPU.Build.0 = Debug|Any CPU
		{4CE4E9F2-1127-45EA-9537-9B35A9F6E03B}.Release|Any CPU.ActiveCfg = Release|Any CPU
		{4CE4E9F2-1127-45EA-9537-9B35A9F6E03B}.Release|Any CPU.Build.0 = Release|Any CPU
		{F3EFE4A5-2F46-486E-8054-BB2FE05753CD}.Debug|Any CPU.ActiveCfg = Debug|Any CPU
		{F3EFE4A5-2F46-486E-8054-BB2FE05753CD}.Debug|Any CPU.Build.0 = Debug|Any CPU
		{F3EFE4A5-2F46-486E-8054-BB2FE05753CD}.Release|Any CPU.ActiveCfg = Release|Any CPU
		{F3EFE4A5-2F46-486E-8054-BB2FE05753CD}.Release|Any CPU.Build.0 = Release|Any CPU
	EndGlobalSection
	GlobalSection(SolutionProperties) = preSolution
		HideSolutionNode = FALSE
	EndGlobalSection
EndGlobal
